
Microsoft Visual Studio Solution File, Format Version 12.00
# Visual Studio Version 16
VisualStudioVersion = 16.0.30907.101
MinimumVisualStudioVersion = 10.0.40219.1
Project("{FAE04EC0-301F-11D3-BF4B-00C04F79EFBC}") = "Fraction", "Fraction\Fraction.csproj", "{9FB31C4B-580B-4D33-8CA1-B52D50A53A57}"
EndProject
Global
	GlobalSection(SolutionConfigurationPlatforms) = preSolution
		Debug|Any CPU = Debug|Any CPU
		Release|Any CPU = Release|Any CPU
	EndGlobalSection
	GlobalSection(ProjectConfigurationPlatforms) = postSolution
		{9FB31C4B-580B-4D33-8CA1-B52D50A53A57}.Debug|Any CPU.ActiveCfg = Debug|Any CPU
		{9FB31C4B-580B-4D33-8CA1-B52D50A53A57}.Debug|Any CPU.Build.0 = Debug|Any CPU
		{9FB31C4B-580B-4D33-8CA1-B52D50A53A57}.Release|Any CPU.ActiveCfg = Release|Any CPU
		{9FB31C4B-580B-4D33-8CA1-B52D50A53A57}.Release|Any CPU.Build.0 = Release|Any CPU
	EndGlobalSection
	GlobalSection(SolutionProperties) = preSolution
		HideSolutionNode = FALSE
	EndGlobalSection
	GlobalSection(ExtensibilityGlobals) = postSolution
		SolutionGuid = {018038E6-844C-4E15-808C-052399795EEE}
	EndGlobalSection
EndGlobal
